
Microsoft Visual Studio Solution File, Format Version 12.00
# Visual Studio Version 17
VisualStudioVersion = 17.5.33414.496
MinimumVisualStudioVersion = 10.0.40219.1
Project("{FAE04EC0-301F-11D3-BF4B-00C04F79EFBC}") = "MediatrExample", "MediatrExample\MediatrExample.csproj", "{008FF77E-12F4-40CA-876C-3B14EE115A6F}"
EndProject
Global
	GlobalSection(SolutionConfigurationPlatforms) = preSolution
		Debug|Any CPU = Debug|Any CPU
		Release|Any CPU = Release|Any CPU
	EndGlobalSection
	GlobalSection(ProjectConfigurationPlatforms) = postSolution
		{008FF77E-12F4-40CA-876C-3B14EE115A6F}.Debug|Any CPU.ActiveCfg = Debug|Any CPU
		{008FF77E-12F4-40CA-876C-3B14EE115A6F}.Debug|Any CPU.Build.0 = Debug|Any CPU
		{008FF77E-12F4-40CA-876C-3B14EE115A6F}.Release|Any CPU.ActiveCfg = Release|Any CPU
		{008FF77E-12F4-40CA-876C-3B14EE115A6F}.Release|Any CPU.Build.0 = Release|Any CPU
	EndGlobalSection
	GlobalSection(SolutionProperties) = preSolution
		HideSolutionNode = FALSE
	EndGlobalSection
	GlobalSection(ExtensibilityGlobals) = postSolution
		SolutionGuid = {90B5E2DA-EB05-4FA9-889A-8A08B524FD07}
	EndGlobalSection
EndGlobal
